
Microsoft Visual Studio Solution File, Format Version 12.00
# Visual Studio 15
VisualStudioVersion = 15.0.27130.2010
MinimumVisualStudioVersion = 10.0.40219.1
Project("{FAE04EC0-301F-11D3-BF4B-00C04F79EFBC}") = "Microsoft.Data.ConnectionUI.Dialog", "ConnectionUIDialog\Microsoft.Data.ConnectionUI.Dialog.csproj", "{05C97F8D-B7CF-4CAB-B81C-0994A70D90CA}"
EndProject
Project("{FAE04EC0-301F-11D3-BF4B-00C04F79EFBC}") = "Microsoft.Data.ConnectionUI.Sample", "Sample\Microsoft.Data.ConnectionUI.Sample.csproj", "{444AC953-5861-49CA-B491-9EB8A1C6CE24}"
EndProject
Project("{FAE04EC0-301F-11D3-BF4B-00C04F79EFBC}") = "Microsoft.Data.ConnectionUI.SqlCeDataProvider", "SqlCeDataProvider\Microsoft.Data.ConnectionUI.SqlCeDataProvider.csproj", "{1CC9D080-C06D-4202-A14B-14A9CC7F7F31}"
EndProject
Project("{FAE04EC0-301F-11D3-BF4B-00C04F79EFBC}") = "WindowsFormsApp1", "WindowsFormsApp1\WindowsFormsApp1.csproj", "{98A48DEE-7459-4489-BFFA-D258148FA930}"
EndProject
Global
	GlobalSection(SolutionConfigurationPlatforms) = preSolution
		Debug|Any CPU = Debug|Any CPU
		Debug|x64 = Debug|x64
		Debug|x86 = Debug|x86
		Release|Any CPU = Release|Any CPU
		Release|x64 = Release|x64
		Release|x86 = Release|x86
	EndGlobalSection
	GlobalSection(ProjectConfigurationPlatforms) = postSolution
		{05C97F8D-B7CF-4CAB-B81C-0994A70D90CA}.Debug|Any CPU.ActiveCfg = Debug|Any CPU
		{05C97F8D-B7CF-4CAB-B81C-0994A70D90CA}.Debug|Any CPU.Build.0 = Debug|Any CPU
		{05C97F8D-B7CF-4CAB-B81C-0994A70D90CA}.Debug|x64.ActiveCfg = Debug|Any CPU
		{05C97F8D-B7CF-4CAB-B81C-0994A70D90CA}.Debug|x64.Build.0 = Debug|Any CPU
		{05C97F8D-B7CF-4CAB-B81C-0994A70D90CA}.Debug|x86.ActiveCfg = Debug|Any CPU
		{05C97F8D-B7CF-4CAB-B81C-0994A70D90CA}.Debug|x86.Build.0 = Debug|Any CPU
		{05C97F8D-B7CF-4CAB-B81C-0994A70D90CA}.Release|Any CPU.ActiveCfg = Release|Any CPU
		{05C97F8D-B7CF-4CAB-B81C-0994A70D90CA}.Release|Any CPU.Build.0 = Release|Any CPU
		{05C97F8D-B7CF-4CAB-B81C-0994A70D90CA}.Release|x64.ActiveCfg = Debug|x64
		{05C97F8D-B7CF-4CAB-B81C-0994A70D90CA}.Release|x64.Build.0 = Debug|x64
		{05C97F8D-B7CF-4CAB-B81C-0994A70D90CA}.Release|x86.ActiveCfg = Debug|x86
		{05C97F8D-B7CF-4CAB-B81C-0994A70D90CA}.Release|x86.Build.0 = Debug|x86
		{444AC953-5861-49CA-B491-9EB8A1C6CE24}.Debug|Any CPU.ActiveCfg = Debug|Any CPU
		{444AC953-5861-49CA-B491-9EB8A1C6CE24}.Debug|Any CPU.Build.0 = Debug|Any CPU
		{444AC953-5861-49CA-B491-9EB8A1C6CE24}.Debug|x64.ActiveCfg = Debug|Any CPU
		{444AC953-5861-49CA-B491-9EB8A1C6CE24}.Debug|x64.Build.0 = Debug|Any CPU
		{444AC953-5861-49CA-B491-9EB8A1C6CE24}.Debug|x86.ActiveCfg = Debug|x86
		{444AC953-5861-49CA-B491-9EB8A1C6CE24}.Debug|x86.Build.0 = Debug|x86
		{444AC953-5861-49CA-B491-9EB8A1C6CE24}.Release|Any CPU.ActiveCfg = Release|Any CPU
		{444AC953-5861-49CA-B491-9EB8A1C6CE24}.Release|Any CPU.Build.0 = Release|Any CPU
		{444AC953-5861-49CA-B491-9EB8A1C6CE24}.Release|x64.ActiveCfg = Release|x64
		{444AC953-5861-49CA-B491-9EB8A1C6CE24}.Release|x64.Build.0 = Release|x64
		{444AC953-5861-49CA-B491-9EB8A1C6CE24}.Release|x86.ActiveCfg = Release|x86
		{444AC953-5861-49CA-B491-9EB8A1C6CE24}.Release|x86.Build.0 = Release|x86
		{1CC9D080-C06D-4202-A14B-14A9CC7F7F31}.Debug|Any CPU.ActiveCfg = Debug|Any CPU
		{1CC9D080-C06D-4202-A14B-14A9CC7F7F31}.Debug|Any CPU.Build.0 = Debug|Any CPU
		{1CC9D080-C06D-4202-A14B-14A9CC7F7F31}.Debug|x64.ActiveCfg = Debug|Any CPU
		{1CC9D080-C06D-4202-A14B-14A9CC7F7F31}.Debug|x64.Build.0 = Debug|Any CPU
		{1CC9D080-C06D-4202-A14B-14A9CC7F7F31}.Debug|x86.ActiveCfg = Debug|x86
		{1CC9D080-C06D-4202-A14B-14A9CC7F7F31}.Debug|x86.Build.0 = Debug|x86
		{1CC9D080-C06D-4202-A14B-14A9CC7F7F31}.Release|Any CPU.ActiveCfg = Release|Any CPU
		{1CC9D080-C06D-4202-A14B-14A9CC7F7F31}.Release|Any CPU.Build.0 = Release|Any CPU
		{1CC9D080-C06D-4202-A14B-14A9CC7F7F31}.Release|x64.ActiveCfg = Release|x64
		{1CC9D080-C06D-4202-A14B-14A9CC7F7F31}.Release|x64.Build.0 = Release|x64
		{1CC9D080-C06D-4202-A14B-14A9CC7F7F31}.Release|x86.ActiveCfg = Release|x86
		{1CC9D080-C06D-4202-A14B-14A9CC7F7F31}.Release|x86.Build.0 = Release|x86
		{98A48DEE-7459-4489-BFFA-D258148FA930}.Debug|Any CPU.ActiveCfg = Debug|Any CPU
		{98A48DEE-7459-4489-BFFA-D258148FA930}.Debug|Any CPU.Build.0 = Debug|Any CPU
		{98A48DEE-7459-4489-BFFA-D258148FA930}.Debug|x64.ActiveCfg = Debug|Any CPU
		{98A48DEE-7459-4489-BFFA-D258148FA930}.Debug|x64.Build.0 = Debug|Any CPU
		{98A48DEE-7459-4489-BFFA-D258148FA930}.Debug|x86.ActiveCfg = Debug|Any CPU
		{98A48DEE-7459-4489-BFFA-D258148FA930}.Debug|x86.Build.0 = Debug|Any CPU
		{98A48DEE-7459-4489-BFFA-D258148FA930}.Release|Any CPU.ActiveCfg = Release|Any CPU
		{98A48DEE-7459-4489-BFFA-D258148FA930}.Release|Any CPU.Build.0 = Release|Any CPU
		{98A48DEE-7459-4489-BFFA-D258148FA930}.Release|x64.ActiveCfg = Release|Any CPU
		{98A48DEE-7459-4489-BFFA-D258148FA930}.Release|x64.Build.0 = Release|Any CPU
		{98A48DEE-7459-4489-BFFA-D258148FA930}.Release|x86.ActiveCfg = Release|Any CPU
		{98A48DEE-7459-4489-BFFA-D258148FA930}.Release|x86.Build.0 = Release|Any CPU
	EndGlobalSection
	GlobalSection(SolutionProperties) = preSolution
		HideSolutionNode = FALSE
	EndGlobalSection
	GlobalSection(ExtensibilityGlobals) = postSolution
		SolutionGuid = {35ED10B4-9B9C-4335-8488-E539D10E0C58}
	EndGlobalSection
EndGlobal
